
Microsoft Visual Studio Solution File, Format Version 12.00
# Visual Studio Version 17
VisualStudioVersion = 17.7.34202.233
MinimumVisualStudioVersion = 10.0.40219.1
Project("{F184B08F-C81C-45F6-A57F-5ABD9991F28F}") = "Output", "Output\Output.vbproj", "{47C9EA0C-752F-4884-99FB-23512B65E317}"
EndProject
Global
	GlobalSection(SolutionConfigurationPlatforms) = preSolution
		Debug|Any CPU = Debug|Any CPU
		Release|Any CPU = Release|Any CPU
	EndGlobalSection
	GlobalSection(ProjectConfigurationPlatforms) = postSolution
		{47C9EA0C-752F-4884-99FB-23512B65E317}.Debug|Any CPU.ActiveCfg = Debug|Any CPU
		{47C9EA0C-752F-4884-99FB-23512B65E317}.Debug|Any CPU.Build.0 = Debug|Any CPU
		{47C9EA0C-752F-4884-99FB-23512B65E317}.Release|Any CPU.ActiveCfg = Release|Any CPU
		{47C9EA0C-752F-4884-99FB-23512B65E317}.Release|Any CPU.Build.0 = Release|Any CPU
	EndGlobalSection
	GlobalSection(SolutionProperties) = preSolution
		HideSolutionNode = FALSE
	EndGlobalSection
	GlobalSection(ExtensibilityGlobals) = postSolution
		SolutionGuid = {7848C45E-EA61-4B81-85BD-D60B5FC9733E}
	EndGlobalSection
EndGlobal
