
Microsoft Visual Studio Solution File, Format Version 12.00
# Visual Studio Version 17
VisualStudioVersion = 17.7.34202.233
MinimumVisualStudioVersion = 10.0.40219.1
Project("{F184B08F-C81C-45F6-A57F-5ABD9991F28F}") = "FUNCTION3", "FUNCTION3\FUNCTION3.vbproj", "{C6EB3FB4-9326-48DF-B80A-3A2E8E52B44F}"
EndProject
Global
	GlobalSection(SolutionConfigurationPlatforms) = preSolution
		Debug|Any CPU = Debug|Any CPU
		Release|Any CPU = Release|Any CPU
	EndGlobalSection
	GlobalSection(ProjectConfigurationPlatforms) = postSolution
		{C6EB3FB4-9326-48DF-B80A-3A2E8E52B44F}.Debug|Any CPU.ActiveCfg = Debug|Any CPU
		{C6EB3FB4-9326-48DF-B80A-3A2E8E52B44F}.Debug|Any CPU.Build.0 = Debug|Any CPU
		{C6EB3FB4-9326-48DF-B80A-3A2E8E52B44F}.Release|Any CPU.ActiveCfg = Release|Any CPU
		{C6EB3FB4-9326-48DF-B80A-3A2E8E52B44F}.Release|Any CPU.Build.0 = Release|Any CPU
	EndGlobalSection
	GlobalSection(SolutionProperties) = preSolution
		HideSolutionNode = FALSE
	EndGlobalSection
	GlobalSection(ExtensibilityGlobals) = postSolution
		SolutionGuid = {AFC49AF8-0B02-443A-BD05-43C5700D1417}
	EndGlobalSection
EndGlobal
