
Microsoft Visual Studio Solution File, Format Version 12.00
# Visual Studio Version 17
VisualStudioVersion = 17.7.34202.233
MinimumVisualStudioVersion = 10.0.40219.1
Project("{F184B08F-C81C-45F6-A57F-5ABD9991F28F}") = "Program Belanja Sederhana", "Program Belanja Sederhana\Program Belanja Sederhana.vbproj", "{A04DAA65-A61F-417C-97E6-E285B0833CF6}"
EndProject
Global
	GlobalSection(SolutionConfigurationPlatforms) = preSolution
		Debug|Any CPU = Debug|Any CPU
		Release|Any CPU = Release|Any CPU
	EndGlobalSection
	GlobalSection(ProjectConfigurationPlatforms) = postSolution
		{A04DAA65-A61F-417C-97E6-E285B0833CF6}.Debug|Any CPU.ActiveCfg = Debug|Any CPU
		{A04DAA65-A61F-417C-97E6-E285B0833CF6}.Debug|Any CPU.Build.0 = Debug|Any CPU
		{A04DAA65-A61F-417C-97E6-E285B0833CF6}.Release|Any CPU.ActiveCfg = Release|Any CPU
		{A04DAA65-A61F-417C-97E6-E285B0833CF6}.Release|Any CPU.Build.0 = Release|Any CPU
	EndGlobalSection
	GlobalSection(SolutionProperties) = preSolution
		HideSolutionNode = FALSE
	EndGlobalSection
	GlobalSection(ExtensibilityGlobals) = postSolution
		SolutionGuid = {A8FDB567-5246-4357-861E-4CA9B0C5480F}
	EndGlobalSection
EndGlobal
